
Microsoft Visual Studio Solution File, Format Version 12.00
# Visual Studio 15
VisualStudioVersion = 15.0.27130.2020
MinimumVisualStudioVersion = 10.0.40219.1
Project("{FAE04EC0-301F-11D3-BF4B-00C04F79EFBC}") = "MVC_HW1", "MVC_HW1\MVC_HW1.csproj", "{7705195F-93C0-49F0-A6CF-11291513ED87}"
EndProject
Global
	GlobalSection(SolutionConfigurationPlatforms) = preSolution
		Debug|Any CPU = Debug|Any CPU
		Release|Any CPU = Release|Any CPU
	EndGlobalSection
	GlobalSection(ProjectConfigurationPlatforms) = postSolution
		{7705195F-93C0-49F0-A6CF-11291513ED87}.Debug|Any CPU.ActiveCfg = Debug|Any CPU
		{7705195F-93C0-49F0-A6CF-11291513ED87}.Debug|Any CPU.Build.0 = Debug|Any CPU
		{7705195F-93C0-49F0-A6CF-11291513ED87}.Release|Any CPU.ActiveCfg = Release|Any CPU
		{7705195F-93C0-49F0-A6CF-11291513ED87}.Release|Any CPU.Build.0 = Release|Any CPU
	EndGlobalSection
	GlobalSection(SolutionProperties) = preSolution
		HideSolutionNode = FALSE
	EndGlobalSection
	GlobalSection(ExtensibilityGlobals) = postSolution
		SolutionGuid = {47A25DD7-CE2D-4D4F-AA63-190EA954E0B9}
	EndGlobalSection
EndGlobal
